{
  "nodes": {
    "base": {
      "inputs": {
        "nixpkgs": [
          "nixpkgs"
        ]
      },
      "locked": {
        "lastModified": 1741999946,
        "narHash": "sha256-2SMFmRFPZa1Lx4K5fYq8mqRkS4RyKJD9WBUmvUGVanc=",
        "owner": "rubikoid",
        "repo": "nix-base",
        "rev": "4216cf05b94684a7e650ab874d9f53ab8c743f04",
        "type": "github"
      },
      "original": {
        "owner": "rubikoid",
        "repo": "nix-base",
        "type": "github"
      }
    },
    "nixpkgs": {
      "locked": {
        "lastModified": 1736701207,
        "narHash": "sha256-jG/+MvjVY7SlTakzZ2fJ5dC3V1PrKKrUEOEE30jrOKA=",
        "path": "/nix/store/2g3q36zra5ix7qhkb8b4ikr5pmmhfm6g-source",
        "rev": "ed4a395ea001367c1f13d34b1e01aa10290f67d6",
        "type": "path"
      },
      "original": {
        "id": "nixpkgs",
        "type": "indirect"
      }
    },
    "pyproject-build-systems": {
      "inputs": {
        "nixpkgs": [
          "nixpkgs"
        ],
        "pyproject-nix": [
          "pyproject-nix"
        ],
        "uv2nix": [
          "uv2nix"
        ]
      },
      "locked": {
        "lastModified": 1742689179,
        "narHash": "sha256-kDXV6r6pQp6sxBKKxXqcTGPdiH63m8WA+IvzHhdZlEg=",
        "owner": "pyproject-nix",
        "repo": "build-system-pkgs",
        "rev": "5c2a1faadc4015d50eb9919a8e20c112f3765fc2",
        "type": "github"
      },
      "original": {
        "owner": "pyproject-nix",
        "repo": "build-system-pkgs",
        "type": "github"
      }
    },
    "pyproject-nix": {
      "inputs": {
        "nixpkgs": [
          "nixpkgs"
        ]
      },
      "locked": {
        "lastModified": 1743438845,
        "narHash": "sha256-1GSaoubGtvsLRwoYwHjeKYq40tLwvuFFVhGrG8J9Oek=",
        "owner": "pyproject-nix",
        "repo": "pyproject.nix",
        "rev": "8063ec98edc459571d042a640b1c5e334ecfca1e",
        "type": "github"
      },
      "original": {
        "owner": "pyproject-nix",
        "repo": "pyproject.nix",
        "type": "github"
      }
    },
    "root": {
      "inputs": {
        "base": "base",
        "nixpkgs": "nixpkgs",
        "pyproject-build-systems": "pyproject-build-systems",
        "pyproject-nix": "pyproject-nix",
        "uv2nix": "uv2nix"
      }
    },
    "uv2nix": {
      "inputs": {
        "nixpkgs": [
          "nixpkgs"
        ],
        "pyproject-nix": [
          "pyproject-nix"
        ]
      },
      "locked": {
        "lastModified": 1743629021,
        "narHash": "sha256-0A2J1IAAc4V7uI/+CN1t6FgNeS3ZJFWBJBKVa7QJNJk=",
        "owner": "pyproject-nix",
        "repo": "uv2nix",
        "rev": "8d193b3899bacf156fa27ad534b2ac4154932b80",
        "type": "github"
      },
      "original": {
        "owner": "pyproject-nix",
        "repo": "uv2nix",
        "type": "github"
      }
    }
  },
  "root": "root",
  "version": 7
}
